
Microsoft Visual Studio Solution File, Format Version 12.00
# Visual Studio Version 17
VisualStudioVersion = 17.8.34511.84
MinimumVisualStudioVersion = 10.0.40219.1
Project("{FAE04EC0-301F-11D3-BF4B-00C04F79EFBC}") = "ProyectoPrueba", "ProyectoPrueba\ProyectoPrueba.csproj", "{255D17A4-F4CB-49D2-B15C-B0516BCE4A92}"
EndProject
Project("{FAE04EC0-301F-11D3-BF4B-00C04F79EFBC}") = "Entidades", "Entidades\Entidades.csproj", "{FCCADC29-123B-4120-91C1-804E9F3EA928}"
EndProject
Global
	GlobalSection(SolutionConfigurationPlatforms) = preSolution
		Debug|Any CPU = Debug|Any CPU
		Release|Any CPU = Release|Any CPU
	EndGlobalSection
	GlobalSection(ProjectConfigurationPlatforms) = postSolution
		{255D17A4-F4CB-49D2-B15C-B0516BCE4A92}.Debug|Any CPU.ActiveCfg = Debug|Any CPU
		{255D17A4-F4CB-49D2-B15C-B0516BCE4A92}.Debug|Any CPU.Build.0 = Debug|Any CPU
		{255D17A4-F4CB-49D2-B15C-B0516BCE4A92}.Release|Any CPU.ActiveCfg = Release|Any CPU
		{255D17A4-F4CB-49D2-B15C-B0516BCE4A92}.Release|Any CPU.Build.0 = Release|Any CPU
		{FCCADC29-123B-4120-91C1-804E9F3EA928}.Debug|Any CPU.ActiveCfg = Debug|Any CPU
		{FCCADC29-123B-4120-91C1-804E9F3EA928}.Debug|Any CPU.Build.0 = Debug|Any CPU
		{FCCADC29-123B-4120-91C1-804E9F3EA928}.Release|Any CPU.ActiveCfg = Release|Any CPU
		{FCCADC29-123B-4120-91C1-804E9F3EA928}.Release|Any CPU.Build.0 = Release|Any CPU
	EndGlobalSection
	GlobalSection(SolutionProperties) = preSolution
		HideSolutionNode = FALSE
	EndGlobalSection
	GlobalSection(ExtensibilityGlobals) = postSolution
		SolutionGuid = {E02294F7-D7BC-4EB0-94A2-12CE998D92F7}
	EndGlobalSection
EndGlobal
